lockfileVersion: '9.0'

settings:
  autoInstallPeers: true
  excludeLinksFromLockfile: false

importers:

  .:
    dependencies:
      typescript:
        specifier: ^5
        version: 5.9.3
    devDependencies:
      '@types/bun':
        specifier: latest
        version: 1.3.2(@types/react@19.2.3)

packages:

  '@types/bun@1.3.2':
    resolution: {integrity: sha512-t15P7k5UIgHKkxwnMNkJbWlh/617rkDGEdSsDbu+qNHTaz9SKf7aC8fiIlUdD5RPpH6GEkP0cK7WlvmrEBRtWg==}

  '@types/node@24.10.0':
    resolution: {integrity: sha512-qzQZRBqkFsYyaSWXuEHc2WR9c0a0CXwiE5FWUvn7ZM+vdy1uZLfCunD38UzhuB7YN/J11ndbDBcTmOdxJo9Q7A==}

  '@types/react@19.2.3':
    resolution: {integrity: sha512-k5dJVszUiNr1DSe8Cs+knKR6IrqhqdhpUwzqhkS8ecQTSf3THNtbfIp/umqHMpX2bv+9dkx3fwDv/86LcSfvSg==}

  bun-types@1.3.2:
    resolution: {integrity: sha512-i/Gln4tbzKNuxP70OWhJRZz1MRfvqExowP7U6JKoI8cntFrtxg7RJK3jvz7wQW54UuvNC8tbKHHri5fy74FVqg==}
    peerDependencies:
      '@types/react': ^19

  csstype@3.1.3:
    resolution: {integrity: sha512-M1uQkMl8rQK/szD0LNhtqxIPLpimGm8sOBwU7lLnCpSbTyY3yeU1Vc7l4KT5zT4s/yOxHH5O7tIuuLOCnLADRw==}

  typescript@5.9.3:
    resolution: {integrity: sha512-jl1vZzPDinLr9eUt3J/t7V6FgNEw9QjvBPdysz9KfQDD41fQrC2Y4vKQdiaUpFT4bXlb1RHhLpp8wtm6M5TgSw==}
    engines: {node: '>=14.17'}
    hasBin: true

  undici-types@7.16.0:
    resolution: {integrity: sha512-Zz+aZWSj8LE6zoxD+xrjh4VfkIG8Ya6LvYkZqtUQGJPZjYl53ypCaUwWqo7eI0x66KBGeRo+mlBEkMSeSZ38Nw==}

snapshots:

  '@types/bun@1.3.2(@types/react@19.2.3)':
    dependencies:
      bun-types: 1.3.2(@types/react@19.2.3)
    transitivePeerDependencies:
      - '@types/react'

  '@types/node@24.10.0':
    dependencies:
      undici-types: 7.16.0

  '@types/react@19.2.3':
    dependencies:
      csstype: 3.1.3

  bun-types@1.3.2(@types/react@19.2.3):
    dependencies:
      '@types/node': 24.10.0
      '@types/react': 19.2.3

  csstype@3.1.3: {}

  typescript@5.9.3: {}

  undici-types@7.16.0: {}
