lockfileVersion: '9.0'

settings:
  autoInstallPeers: true
  excludeLinksFromLockfile: false

importers:

  .:
    devDependencies:
      '@types/lodash':
        specifier: ^4.14.183
        version: 4.14.183
      '@types/phoenix':
        specifier: github:mafredri/phoenix-typings#main
        version: https://codeload.github.com/mafredri/phoenix-typings/tar.gz/3121b498d95d7838e86fa65dacd1fc768ba161a2
      '@vercel/ncc':
        specifier: ^0.38.3
        version: 0.38.3
      prettier:
        specifier: ^3.4.2
        version: 3.4.2
      typescript:
        specifier: ^5.7.3
        version: 5.7.3

packages:

  '@types/lodash@4.14.183':
    resolution: {integrity: sha512-UXavyuxzXKMqJPEpFPri6Ku5F9af6ZJXUneHhvQJxavrEjuHkFp2YnDWHcxJiG7hk8ZkWqjcyNeW1s/smZv5cw==}

  '@types/phoenix@https://codeload.github.com/mafredri/phoenix-typings/tar.gz/3121b498d95d7838e86fa65dacd1fc768ba161a2':
    resolution: {tarball: https://codeload.github.com/mafredri/phoenix-typings/tar.gz/3121b498d95d7838e86fa65dacd1fc768ba161a2}
    version: 3.0.0

  '@vercel/ncc@0.38.3':
    resolution: {integrity: sha512-rnK6hJBS6mwc+Bkab+PGPs9OiS0i/3kdTO+CkI8V0/VrW3vmz7O2Pxjw/owOlmo6PKEIxRSeZKv/kuL9itnpYA==}
    hasBin: true

  prettier@3.4.2:
    resolution: {integrity: sha512-e9MewbtFo+Fevyuxn/4rrcDAaq0IYxPGLvObpQjiZBMAzB9IGmzlnG9RZy3FFas+eBMu2vA0CszMeduow5dIuQ==}
    engines: {node: '>=14'}
    hasBin: true

  typescript@5.7.3:
    resolution: {integrity: sha512-84MVSjMEHP+FQRPy3pX9sTVV/INIex71s9TL2Gm5FG/WG1SqXeKyZ0k7/blY/4FdOzI12CBy1vGc4og/eus0fw==}
    engines: {node: '>=14.17'}
    hasBin: true

  utility-types@3.10.0:
    resolution: {integrity: sha512-O11mqxmi7wMKCo6HKFt5AhO4BwY3VV68YU07tgxfz8zJTIxr4BpsezN49Ffwy9j3ZpwwJp4fkRwjRzq3uWE6Rg==}
    engines: {node: '>= 4'}

snapshots:

  '@types/lodash@4.14.183': {}

  '@types/phoenix@https://codeload.github.com/mafredri/phoenix-typings/tar.gz/3121b498d95d7838e86fa65dacd1fc768ba161a2':
    dependencies:
      utility-types: 3.10.0

  '@vercel/ncc@0.38.3': {}

  prettier@3.4.2: {}

  typescript@5.7.3: {}

  utility-types@3.10.0: {}
